
Microsoft Visual Studio Solution File, Format Version 12.00
# Visual Studio Version 16
VisualStudioVersion = 16.0.29509.3
MinimumVisualStudioVersion = 10.0.40219.1
Project("{9A19103F-16F7-4668-BE54-9A1E7A4F7556}") = "Calculator", "Calculator\Calculator.csproj", "{24BF441E-2E99-4B95-A889-4510A3224025}"
EndProject
Project("{9A19103F-16F7-4668-BE54-9A1E7A4F7556}") = "CalcOperations", "CalcOperations\CalcOperations.csproj", "{DE0EB230-40DF-4FFD-84BF-63C7FEBD02CE}"
EndProject
Project("{9A19103F-16F7-4668-BE54-9A1E7A4F7556}") = "SubtractionOperation", "SubtractionOperation\SubtractionOperation.csproj", "{11E0DBCC-99D2-4E60-8211-9789C0F00761}"
EndProject
Project("{9A19103F-16F7-4668-BE54-9A1E7A4F7556}") = "SquareRootOperation", "SquareRootOperation\SquareRootOperation.csproj", "{DE307D02-763C-4A0D-84D9-53CE2419E8CD}"
EndProject
Project("{9A19103F-16F7-4668-BE54-9A1E7A4F7556}") = "Helpers", "Helpers\Helpers.csproj", "{F386B2DD-F761-4180-B9A2-4DDB6B7A9B0B}"
EndProject
Project("{9A19103F-16F7-4668-BE54-9A1E7A4F7556}") = "Addition", "Addition\Addition.csproj", "{7DA90DE5-7FEB-4A4F-9687-245C54A441E6}"
EndProject
Project("{9A19103F-16F7-4668-BE54-9A1E7A4F7556}") = "SubtractionOperationTests1", "SubtractionOperationTests1\SubtractionOperationTests1.csproj", "{FE910B33-DF80-457F-BAAD-4834E6A80FF1}"
EndProject
Project("{9A19103F-16F7-4668-BE54-9A1E7A4F7556}") = "HelpersTests", "HelpersTests\HelpersTests.csproj", "{38D67659-B91F-4ADD-84D1-C90812FB5D9B}"
EndProject
Project("{9A19103F-16F7-4668-BE54-9A1E7A4F7556}") = "Mutiplication", "Mutiplication\Mutiplication.csproj", "{C8B59B1C-C4D1-4E27-A7B1-FA0B048DB087}"
EndProject
Project("{9A19103F-16F7-4668-BE54-9A1E7A4F7556}") = "Square", "Square\Square.csproj", "{D3E144A4-0CEF-41A8-8257-65D9AD92A899}"
EndProject
Project("{9A19103F-16F7-4668-BE54-9A1E7A4F7556}") = "SquareRootOperationTests", "SquareRootOperationTests\SquareRootOperationTests.csproj", "{0699F584-CE3E-47C7-BA83-283F0ABEBB88}"
EndProject
Project("{9A19103F-16F7-4668-BE54-9A1E7A4F7556}") = "AdditionTests", "AdditionTests\AdditionTests.csproj", "{716658AE-D51F-485E-96AC-C2418A037CAC}"
EndProject
Project("{9A19103F-16F7-4668-BE54-9A1E7A4F7556}") = "Division", "Division\Division.csproj", "{149C4D9B-D001-4351-ADBE-D75F47A369BE}"
EndProject
Project("{9A19103F-16F7-4668-BE54-9A1E7A4F7556}") = "DivisionTests", "DivisionTests\DivisionTests.csproj", "{4E7B8B2A-DF07-4E85-B618-8D2B4E17D45B}"
EndProject
Project("{FAE04EC0-301F-11D3-BF4B-00C04F79EFBC}") = "MeanOperation", "MeanOperation\MeanOperation.csproj", "{F282BF89-9331-43C8-A2E4-952642714A2F}"
EndProject
Global
	GlobalSection(SolutionConfigurationPlatforms) = preSolution
		Debug|Any CPU = Debug|Any CPU
		Release|Any CPU = Release|Any CPU
	EndGlobalSection
	GlobalSection(ProjectConfigurationPlatforms) = postSolution
		{24BF441E-2E99-4B95-A889-4510A3224025}.Debug|Any CPU.ActiveCfg = Debug|Any CPU
		{24BF441E-2E99-4B95-A889-4510A3224025}.Debug|Any CPU.Build.0 = Debug|Any CPU
		{24BF441E-2E99-4B95-A889-4510A3224025}.Release|Any CPU.ActiveCfg = Release|Any CPU
		{24BF441E-2E99-4B95-A889-4510A3224025}.Release|Any CPU.Build.0 = Release|Any CPU
		{DE0EB230-40DF-4FFD-84BF-63C7FEBD02CE}.Debug|Any CPU.ActiveCfg = Debug|Any CPU
		{DE0EB230-40DF-4FFD-84BF-63C7FEBD02CE}.Debug|Any CPU.Build.0 = Debug|Any CPU
		{DE0EB230-40DF-4FFD-84BF-63C7FEBD02CE}.Release|Any CPU.ActiveCfg = Release|Any CPU
		{DE0EB230-40DF-4FFD-84BF-63C7FEBD02CE}.Release|Any CPU.Build.0 = Release|Any CPU
		{11E0DBCC-99D2-4E60-8211-9789C0F00761}.Debug|Any CPU.ActiveCfg = Debug|Any CPU
		{11E0DBCC-99D2-4E60-8211-9789C0F00761}.Debug|Any CPU.Build.0 = Debug|Any CPU
		{11E0DBCC-99D2-4E60-8211-9789C0F00761}.Release|Any CPU.ActiveCfg = Release|Any CPU
		{11E0DBCC-99D2-4E60-8211-9789C0F00761}.Release|Any CPU.Build.0 = Release|Any CPU
		{DE307D02-763C-4A0D-84D9-53CE2419E8CD}.Debug|Any CPU.ActiveCfg = Debug|Any CPU
		{DE307D02-763C-4A0D-84D9-53CE2419E8CD}.Debug|Any CPU.Build.0 = Debug|Any CPU
		{DE307D02-763C-4A0D-84D9-53CE2419E8CD}.Release|Any CPU.ActiveCfg = Release|Any CPU
		{DE307D02-763C-4A0D-84D9-53CE2419E8CD}.Release|Any CPU.Build.0 = Release|Any CPU
		{F386B2DD-F761-4180-B9A2-4DDB6B7A9B0B}.Debug|Any CPU.ActiveCfg = Debug|Any CPU
		{F386B2DD-F761-4180-B9A2-4DDB6B7A9B0B}.Debug|Any CPU.Build.0 = Debug|Any CPU
		{F386B2DD-F761-4180-B9A2-4DDB6B7A9B0B}.Release|Any CPU.ActiveCfg = Release|Any CPU
		{F386B2DD-F761-4180-B9A2-4DDB6B7A9B0B}.Release|Any CPU.Build.0 = Release|Any CPU
		{7DA90DE5-7FEB-4A4F-9687-245C54A441E6}.Debug|Any CPU.ActiveCfg = Debug|Any CPU
		{7DA90DE5-7FEB-4A4F-9687-245C54A441E6}.Debug|Any CPU.Build.0 = Debug|Any CPU
		{7DA90DE5-7FEB-4A4F-9687-245C54A441E6}.Release|Any CPU.ActiveCfg = Release|Any CPU
		{7DA90DE5-7FEB-4A4F-9687-245C54A441E6}.Release|Any CPU.Build.0 = Release|Any CPU
		{FE910B33-DF80-457F-BAAD-4834E6A80FF1}.Debug|Any CPU.ActiveCfg = Debug|Any CPU
		{FE910B33-DF80-457F-BAAD-4834E6A80FF1}.Debug|Any CPU.Build.0 = Debug|Any CPU
		{FE910B33-DF80-457F-BAAD-4834E6A80FF1}.Release|Any CPU.ActiveCfg = Release|Any CPU
		{FE910B33-DF80-457F-BAAD-4834E6A80FF1}.Release|Any CPU.Build.0 = Release|Any CPU
		{38D67659-B91F-4ADD-84D1-C90812FB5D9B}.Debug|Any CPU.ActiveCfg = Debug|Any CPU
		{38D67659-B91F-4ADD-84D1-C90812FB5D9B}.Debug|Any CPU.Build.0 = Debug|Any CPU
		{38D67659-B91F-4ADD-84D1-C90812FB5D9B}.Release|Any CPU.ActiveCfg = Release|Any CPU
		{38D67659-B91F-4ADD-84D1-C90812FB5D9B}.Release|Any CPU.Build.0 = Release|Any CPU
		{C8B59B1C-C4D1-4E27-A7B1-FA0B048DB087}.Debug|Any CPU.ActiveCfg = Debug|Any CPU
		{C8B59B1C-C4D1-4E27-A7B1-FA0B048DB087}.Debug|Any CPU.Build.0 = Debug|Any CPU
		{C8B59B1C-C4D1-4E27-A7B1-FA0B048DB087}.Release|Any CPU.ActiveCfg = Release|Any CPU
		{C8B59B1C-C4D1-4E27-A7B1-FA0B048DB087}.Release|Any CPU.Build.0 = Release|Any CPU
		{D3E144A4-0CEF-41A8-8257-65D9AD92A899}.Debug|Any CPU.ActiveCfg = Debug|Any CPU
		{D3E144A4-0CEF-41A8-8257-65D9AD92A899}.Debug|Any CPU.Build.0 = Debug|Any CPU
		{D3E144A4-0CEF-41A8-8257-65D9AD92A899}.Release|Any CPU.ActiveCfg = Release|Any CPU
		{D3E144A4-0CEF-41A8-8257-65D9AD92A899}.Release|Any CPU.Build.0 = Release|Any CPU
		{0699F584-CE3E-47C7-BA83-283F0ABEBB88}.Debug|Any CPU.ActiveCfg = Debug|Any CPU
		{0699F584-CE3E-47C7-BA83-283F0ABEBB88}.Debug|Any CPU.Build.0 = Debug|Any CPU
		{0699F584-CE3E-47C7-BA83-283F0ABEBB88}.Release|Any CPU.ActiveCfg = Release|Any CPU
		{0699F584-CE3E-47C7-BA83-283F0ABEBB88}.Release|Any CPU.Build.0 = Release|Any CPU
		{716658AE-D51F-485E-96AC-C2418A037CAC}.Debug|Any CPU.ActiveCfg = Debug|Any CPU
		{716658AE-D51F-485E-96AC-C2418A037CAC}.Debug|Any CPU.Build.0 = Debug|Any CPU
		{716658AE-D51F-485E-96AC-C2418A037CAC}.Release|Any CPU.ActiveCfg = Release|Any CPU
		{716658AE-D51F-485E-96AC-C2418A037CAC}.Release|Any CPU.Build.0 = Release|Any CPU
		{149C4D9B-D001-4351-ADBE-D75F47A369BE}.Debug|Any CPU.ActiveCfg = Debug|Any CPU
		{149C4D9B-D001-4351-ADBE-D75F47A369BE}.Debug|Any CPU.Build.0 = Debug|Any CPU
		{149C4D9B-D001-4351-ADBE-D75F47A369BE}.Release|Any CPU.ActiveCfg = Release|Any CPU
		{149C4D9B-D001-4351-ADBE-D75F47A369BE}.Release|Any CPU.Build.0 = Release|Any CPU
		{4E7B8B2A-DF07-4E85-B618-8D2B4E17D45B}.Debug|Any CPU.ActiveCfg = Debug|Any CPU
		{4E7B8B2A-DF07-4E85-B618-8D2B4E17D45B}.Debug|Any CPU.Build.0 = Debug|Any CPU
		{4E7B8B2A-DF07-4E85-B618-8D2B4E17D45B}.Release|Any CPU.ActiveCfg = Release|Any CPU
		{4E7B8B2A-DF07-4E85-B618-8D2B4E17D45B}.Release|Any CPU.Build.0 = Release|Any CPU
		{F282BF89-9331-43C8-A2E4-952642714A2F}.Debug|Any CPU.ActiveCfg = Debug|Any CPU
		{F282BF89-9331-43C8-A2E4-952642714A2F}.Debug|Any CPU.Build.0 = Debug|Any CPU
		{F282BF89-9331-43C8-A2E4-952642714A2F}.Release|Any CPU.ActiveCfg = Release|Any CPU
		{F282BF89-9331-43C8-A2E4-952642714A2F}.Release|Any CPU.Build.0 = Release|Any CPU
	EndGlobalSection
	GlobalSection(SolutionProperties) = preSolution
		HideSolutionNode = FALSE
	EndGlobalSection
	GlobalSection(ExtensibilityGlobals) = postSolution
		SolutionGuid = {EBE9085C-0F7B-42CB-88B0-1AE8C47E393F}
	EndGlobalSection
EndGlobal
