
Microsoft Visual Studio Solution File, Format Version 12.00
# Visual Studio Version 16
VisualStudioVersion = 16.0.29509.3
MinimumVisualStudioVersion = 10.0.40219.1
Project("{FAE04EC0-301F-11D3-BF4B-00C04F79EFBC}") = "Calculator", "Calculator\Calculator.csproj", "{24BF441E-2E99-4B95-A889-4510A3224025}"
EndProject
Project("{FAE04EC0-301F-11D3-BF4B-00C04F79EFBC}") = "CalcOperations", "CalcOperations\CalcOperations.csproj", "{DE0EB230-40DF-4FFD-84BF-63C7FEBD02CE}"
EndProject
Global
	GlobalSection(SolutionConfigurationPlatforms) = preSolution
		Debug|Any CPU = Debug|Any CPU
		Release|Any CPU = Release|Any CPU
	EndGlobalSection
	GlobalSection(ProjectConfigurationPlatforms) = postSolution
		{24BF441E-2E99-4B95-A889-4510A3224025}.Debug|Any CPU.ActiveCfg = Debug|Any CPU
		{24BF441E-2E99-4B95-A889-4510A3224025}.Debug|Any CPU.Build.0 = Debug|Any CPU
		{24BF441E-2E99-4B95-A889-4510A3224025}.Release|Any CPU.ActiveCfg = Release|Any CPU
		{24BF441E-2E99-4B95-A889-4510A3224025}.Release|Any CPU.Build.0 = Release|Any CPU
		{DE0EB230-40DF-4FFD-84BF-63C7FEBD02CE}.Debug|Any CPU.ActiveCfg = Debug|Any CPU
		{DE0EB230-40DF-4FFD-84BF-63C7FEBD02CE}.Debug|Any CPU.Build.0 = Debug|Any CPU
		{DE0EB230-40DF-4FFD-84BF-63C7FEBD02CE}.Release|Any CPU.ActiveCfg = Release|Any CPU
		{DE0EB230-40DF-4FFD-84BF-63C7FEBD02CE}.Release|Any CPU.Build.0 = Release|Any CPU
	EndGlobalSection
	GlobalSection(SolutionProperties) = preSolution
		HideSolutionNode = FALSE
	EndGlobalSection
	GlobalSection(ExtensibilityGlobals) = postSolution
		SolutionGuid = {EBE9085C-0F7B-42CB-88B0-1AE8C47E393F}
	EndGlobalSection
EndGlobal
